
Microsoft Visual Studio Solution File, Format Version 12.00
# Visual Studio Version 17
VisualStudioVersion = 17.0.31410.414
MinimumVisualStudioVersion = 10.0.40219.1
Project("{FAE04EC0-301F-11D3-BF4B-00C04F79EFBC}") = "Calculator", "Calculator\Calculator.csproj", "{AC9187F9-FEE8-4F83-B0F1-115D8A0CAAB3}"
EndProject
Project("{FAE04EC0-301F-11D3-BF4B-00C04F79EFBC}") = "Calculator.Tests", "Calculator.Tests\Calculator.Tests.csproj", "{F689477F-26DC-40A3-B4B4-6CE63CA328E5}"
EndProject
Global
	GlobalSection(SolutionConfigurationPlatforms) = preSolution
		Debug|Any CPU = Debug|Any CPU
		Release|Any CPU = Release|Any CPU
	EndGlobalSection
	GlobalSection(ProjectConfigurationPlatforms) = postSolution
		{AC9187F9-FEE8-4F83-B0F1-115D8A0CAAB3}.Debug|Any CPU.ActiveCfg = Debug|Any CPU
		{AC9187F9-FEE8-4F83-B0F1-115D8A0CAAB3}.Debug|Any CPU.Build.0 = Debug|Any CPU
		{AC9187F9-FEE8-4F83-B0F1-115D8A0CAAB3}.Release|Any CPU.ActiveCfg = Release|Any CPU
		{AC9187F9-FEE8-4F83-B0F1-115D8A0CAAB3}.Release|Any CPU.Build.0 = Release|Any CPU
		{F689477F-26DC-40A3-B4B4-6CE63CA328E5}.Debug|Any CPU.ActiveCfg = Debug|Any CPU
		{F689477F-26DC-40A3-B4B4-6CE63CA328E5}.Debug|Any CPU.Build.0 = Debug|Any CPU
		{F689477F-26DC-40A3-B4B4-6CE63CA328E5}.Release|Any CPU.ActiveCfg = Release|Any CPU
		{F689477F-26DC-40A3-B4B4-6CE63CA328E5}.Release|Any CPU.Build.0 = Release|Any CPU
	EndGlobalSection
	GlobalSection(SolutionProperties) = preSolution
		HideSolutionNode = FALSE
	EndGlobalSection
	GlobalSection(ExtensibilityGlobals) = postSolution
		SolutionGuid = {6EF72973-2CE5-4283-9721-C32D3625DC6D}
	EndGlobalSection
EndGlobal
