
Microsoft Visual Studio Solution File, Format Version 12.00
# Visual Studio Version 17
VisualStudioVersion = 17.0.31903.59
MinimumVisualStudioVersion = 10.0.40219.1
Project("{FAE04EC0-301F-11D3-BF4B-00C04F79EFBC}") = "SellsManager", "SellsManager\SellsManager.csproj", "{C08A3A9C-EF83-4BE4-B30B-3EB1B6671448}"
EndProject
Project("{FAE04EC0-301F-11D3-BF4B-00C04F79EFBC}") = "SellsManager.Tests", "SellsManager.Tests\SellsManager.Tests.csproj", "{1526E421-27EC-4109-811D-CBE85BC5F52C}"
EndProject
Global
	GlobalSection(SolutionConfigurationPlatforms) = preSolution
		Debug|Any CPU = Debug|Any CPU
		Release|Any CPU = Release|Any CPU
	EndGlobalSection
	GlobalSection(ProjectConfigurationPlatforms) = postSolution
		{C08A3A9C-EF83-4BE4-B30B-3EB1B6671448}.Debug|Any CPU.ActiveCfg = Debug|Any CPU
		{C08A3A9C-EF83-4BE4-B30B-3EB1B6671448}.Debug|Any CPU.Build.0 = Debug|Any CPU
		{C08A3A9C-EF83-4BE4-B30B-3EB1B6671448}.Release|Any CPU.ActiveCfg = Release|Any CPU
		{C08A3A9C-EF83-4BE4-B30B-3EB1B6671448}.Release|Any CPU.Build.0 = Release|Any CPU
		{1526E421-27EC-4109-811D-CBE85BC5F52C}.Debug|Any CPU.ActiveCfg = Debug|Any CPU
		{1526E421-27EC-4109-811D-CBE85BC5F52C}.Debug|Any CPU.Build.0 = Debug|Any CPU
		{1526E421-27EC-4109-811D-CBE85BC5F52C}.Release|Any CPU.ActiveCfg = Release|Any CPU
		{1526E421-27EC-4109-811D-CBE85BC5F52C}.Release|Any CPU.Build.0 = Release|Any CPU
	EndGlobalSection
	GlobalSection(SolutionProperties) = preSolution
		HideSolutionNode = FALSE
	EndGlobalSection
	GlobalSection(ExtensibilityGlobals) = postSolution
		SolutionGuid = {AE19CB1C-CD76-40A3-A145-AF09512D9BCE}
	EndGlobalSection
EndGlobal
